
Microsoft Visual Studio Solution File, Format Version 12.00
# Visual Studio Version 17
VisualStudioVersion = 17.0.31903.59
MinimumVisualStudioVersion = 10.0.40219.1
Project("{2150E333-8FDC-42A3-9474-1A3956D46DE8}") = "src", "src", "{827E0CD3-B72D-47B6-A68D-7590B98EB39B}"
EndProject
Project("{2150E333-8FDC-42A3-9474-1A3956D46DE8}") = "WUPHF.Mobile", "WUPHF.Mobile", "{CE982E2B-1718-21EB-EA67-1931CF58699B}"
EndProject
Project("{FAE04EC0-301F-11D3-BF4B-00C04F79EFBC}") = "WUPHF.Mobile", "src\WUPHF.Mobile\WUPHF.Mobile\WUPHF.Mobile.csproj", "{E7857685-68E9-4741-84D3-CAB943A0B975}"
EndProject
Project("{2150E333-8FDC-42A3-9474-1A3956D46DE8}") = "WUPHF.Web", "WUPHF.Web", "{D39B1765-DC5E-D867-2612-F5E8D56BB49F}"
EndProject
Project("{FAE04EC0-301F-11D3-BF4B-00C04F79EFBC}") = "WUPHF.Web", "src\WUPHF.Web\WUPHF.Web\WUPHF.Web.csproj", "{CE1ECC4C-3816-4AAC-8FD8-4E2AE046C10A}"
EndProject
Project("{2150E333-8FDC-42A3-9474-1A3956D46DE8}") = "WUPHF.Api", "WUPHF.Api", "{D4D985A7-1D9B-0B98-EC9A-E82BB09C991E}"
EndProject
Project("{FAE04EC0-301F-11D3-BF4B-00C04F79EFBC}") = "WUPHF.Api", "src\WUPHF.Api\WUPHF.Api\WUPHF.Api.csproj", "{2B6B60DF-7BA4-4F8A-87AA-F468691CB084}"
EndProject
Project("{2150E333-8FDC-42A3-9474-1A3956D46DE8}") = "WUPHF.Shared", "WUPHF.Shared", "{7E3AC530-E040-CED8-FE0A-6F03FDCEB3AE}"
EndProject
Project("{FAE04EC0-301F-11D3-BF4B-00C04F79EFBC}") = "WUPHF.Shared", "src\WUPHF.Shared\WUPHF.Shared\WUPHF.Shared.csproj", "{0021B07B-2A5B-4267-A78F-817C1F719E3F}"
EndProject
Global
	GlobalSection(SolutionConfigurationPlatforms) = preSolution
		Debug|Any CPU = Debug|Any CPU
		Debug|x64 = Debug|x64
		Debug|x86 = Debug|x86
		Release|Any CPU = Release|Any CPU
		Release|x64 = Release|x64
		Release|x86 = Release|x86
	EndGlobalSection
	GlobalSection(ProjectConfigurationPlatforms) = postSolution
		{E7857685-68E9-4741-84D3-CAB943A0B975}.Debug|Any CPU.ActiveCfg = Debug|Any CPU
		{E7857685-68E9-4741-84D3-CAB943A0B975}.Debug|Any CPU.Build.0 = Debug|Any CPU
		{E7857685-68E9-4741-84D3-CAB943A0B975}.Debug|x64.ActiveCfg = Debug|Any CPU
		{E7857685-68E9-4741-84D3-CAB943A0B975}.Debug|x64.Build.0 = Debug|Any CPU
		{E7857685-68E9-4741-84D3-CAB943A0B975}.Debug|x86.ActiveCfg = Debug|Any CPU
		{E7857685-68E9-4741-84D3-CAB943A0B975}.Debug|x86.Build.0 = Debug|Any CPU
		{E7857685-68E9-4741-84D3-CAB943A0B975}.Release|Any CPU.ActiveCfg = Release|Any CPU
		{E7857685-68E9-4741-84D3-CAB943A0B975}.Release|Any CPU.Build.0 = Release|Any CPU
		{E7857685-68E9-4741-84D3-CAB943A0B975}.Release|x64.ActiveCfg = Release|Any CPU
		{E7857685-68E9-4741-84D3-CAB943A0B975}.Release|x64.Build.0 = Release|Any CPU
		{E7857685-68E9-4741-84D3-CAB943A0B975}.Release|x86.ActiveCfg = Release|Any CPU
		{E7857685-68E9-4741-84D3-CAB943A0B975}.Release|x86.Build.0 = Release|Any CPU
		{CE1ECC4C-3816-4AAC-8FD8-4E2AE046C10A}.Debug|Any CPU.ActiveCfg = Debug|Any CPU
		{CE1ECC4C-3816-4AAC-8FD8-4E2AE046C10A}.Debug|Any CPU.Build.0 = Debug|Any CPU
		{CE1ECC4C-3816-4AAC-8FD8-4E2AE046C10A}.Debug|x64.ActiveCfg = Debug|Any CPU
		{CE1ECC4C-3816-4AAC-8FD8-4E2AE046C10A}.Debug|x64.Build.0 = Debug|Any CPU
		{CE1ECC4C-3816-4AAC-8FD8-4E2AE046C10A}.Debug|x86.ActiveCfg = Debug|Any CPU
		{CE1ECC4C-3816-4AAC-8FD8-4E2AE046C10A}.Debug|x86.Build.0 = Debug|Any CPU
		{CE1ECC4C-3816-4AAC-8FD8-4E2AE046C10A}.Release|Any CPU.ActiveCfg = Release|Any CPU
		{CE1ECC4C-3816-4AAC-8FD8-4E2AE046C10A}.Release|Any CPU.Build.0 = Release|Any CPU
		{CE1ECC4C-3816-4AAC-8FD8-4E2AE046C10A}.Release|x64.ActiveCfg = Release|Any CPU
		{CE1ECC4C-3816-4AAC-8FD8-4E2AE046C10A}.Release|x64.Build.0 = Release|Any CPU
		{CE1ECC4C-3816-4AAC-8FD8-4E2AE046C10A}.Release|x86.ActiveCfg = Release|Any CPU
		{CE1ECC4C-3816-4AAC-8FD8-4E2AE046C10A}.Release|x86.Build.0 = Release|Any CPU
		{2B6B60DF-7BA4-4F8A-87AA-F468691CB084}.Debug|Any CPU.ActiveCfg = Debug|Any CPU
		{2B6B60DF-7BA4-4F8A-87AA-F468691CB084}.Debug|Any CPU.Build.0 = Debug|Any CPU
		{2B6B60DF-7BA4-4F8A-87AA-F468691CB084}.Debug|x64.ActiveCfg = Debug|Any CPU
		{2B6B60DF-7BA4-4F8A-87AA-F468691CB084}.Debug|x64.Build.0 = Debug|Any CPU
		{2B6B60DF-7BA4-4F8A-87AA-F468691CB084}.Debug|x86.ActiveCfg = Debug|Any CPU
		{2B6B60DF-7BA4-4F8A-87AA-F468691CB084}.Debug|x86.Build.0 = Debug|Any CPU
		{2B6B60DF-7BA4-4F8A-87AA-F468691CB084}.Release|Any CPU.ActiveCfg = Release|Any CPU
		{2B6B60DF-7BA4-4F8A-87AA-F468691CB084}.Release|Any CPU.Build.0 = Release|Any CPU
		{2B6B60DF-7BA4-4F8A-87AA-F468691CB084}.Release|x64.ActiveCfg = Release|Any CPU
		{2B6B60DF-7BA4-4F8A-87AA-F468691CB084}.Release|x64.Build.0 = Release|Any CPU
		{2B6B60DF-7BA4-4F8A-87AA-F468691CB084}.Release|x86.ActiveCfg = Release|Any CPU
		{2B6B60DF-7BA4-4F8A-87AA-F468691CB084}.Release|x86.Build.0 = Release|Any CPU
		{0021B07B-2A5B-4267-A78F-817C1F719E3F}.Debug|Any CPU.ActiveCfg = Debug|Any CPU
		{0021B07B-2A5B-4267-A78F-817C1F719E3F}.Debug|Any CPU.Build.0 = Debug|Any CPU
		{0021B07B-2A5B-4267-A78F-817C1F719E3F}.Debug|x64.ActiveCfg = Debug|Any CPU
		{0021B07B-2A5B-4267-A78F-817C1F719E3F}.Debug|x64.Build.0 = Debug|Any CPU
		{0021B07B-2A5B-4267-A78F-817C1F719E3F}.Debug|x86.ActiveCfg = Debug|Any CPU
		{0021B07B-2A5B-4267-A78F-817C1F719E3F}.Debug|x86.Build.0 = Debug|Any CPU
		{0021B07B-2A5B-4267-A78F-817C1F719E3F}.Release|Any CPU.ActiveCfg = Release|Any CPU
		{0021B07B-2A5B-4267-A78F-817C1F719E3F}.Release|Any CPU.Build.0 = Release|Any CPU
		{0021B07B-2A5B-4267-A78F-817C1F719E3F}.Release|x64.ActiveCfg = Release|Any CPU
		{0021B07B-2A5B-4267-A78F-817C1F719E3F}.Release|x64.Build.0 = Release|Any CPU
		{0021B07B-2A5B-4267-A78F-817C1F719E3F}.Release|x86.ActiveCfg = Release|Any CPU
		{0021B07B-2A5B-4267-A78F-817C1F719E3F}.Release|x86.Build.0 = Release|Any CPU
	EndGlobalSection
	GlobalSection(SolutionProperties) = preSolution
		HideSolutionNode = FALSE
	EndGlobalSection
	GlobalSection(NestedProjects) = preSolution
		{CE982E2B-1718-21EB-EA67-1931CF58699B} = {827E0CD3-B72D-47B6-A68D-7590B98EB39B}
		{E7857685-68E9-4741-84D3-CAB943A0B975} = {CE982E2B-1718-21EB-EA67-1931CF58699B}
		{D39B1765-DC5E-D867-2612-F5E8D56BB49F} = {827E0CD3-B72D-47B6-A68D-7590B98EB39B}
		{CE1ECC4C-3816-4AAC-8FD8-4E2AE046C10A} = {D39B1765-DC5E-D867-2612-F5E8D56BB49F}
		{D4D985A7-1D9B-0B98-EC9A-E82BB09C991E} = {827E0CD3-B72D-47B6-A68D-7590B98EB39B}
		{2B6B60DF-7BA4-4F8A-87AA-F468691CB084} = {D4D985A7-1D9B-0B98-EC9A-E82BB09C991E}
		{7E3AC530-E040-CED8-FE0A-6F03FDCEB3AE} = {827E0CD3-B72D-47B6-A68D-7590B98EB39B}
		{0021B07B-2A5B-4267-A78F-817C1F719E3F} = {7E3AC530-E040-CED8-FE0A-6F03FDCEB3AE}
	EndGlobalSection
EndGlobal
